// !$*UTF8*$!
{
	archiveVersion = 1;
	classes = {
	};
	objectVersion = 46;
	objects = {

/* Begin PBXBuildFile section */
		0C0653A2DE14CE186400AF1B /* libPods-SampleBroadcaster.a in Frameworks */ = {isa = PBXBuildFile; fileRef = CC735A4E92C63890CCEB728E /* libPods-SampleBroadcaster.a */; };
		1A7B35651942542400AB5FD6 /* GLKit.framework in Frameworks */ = {isa = PBXBuildFile; fileRef = 1A7B35641942542400AB5FD6 /* GLKit.framework */; };
		7265D5E0191994B80042DC3B /* Foundation.framework in Frameworks */ = {isa = PBXBuildFile; fileRef = 7265D5DF191994B80042DC3B /* Foundation.framework */; };
		7265D5E2191994B80042DC3B /* CoreGraphics.framework in Frameworks */ = {isa = PBXBuildFile; fileRef = 7265D5E1191994B80042DC3B /* CoreGraphics.framework */; };
		7265D5E4191994B80042DC3B /* UIKit.framework in Frameworks */ = {isa = PBXBuildFile; fileRef = 7265D5E3191994B80042DC3B /* UIKit.framework */; };
		7265D5EA191994B80042DC3B /* InfoPlist.strings in Resources */ = {isa = PBXBuildFile; fileRef = 7265D5E8191994B80042DC3B /* InfoPlist.strings */; };
		7265D5EC191994B80042DC3B /* main.m in Sources */ = {isa = PBXBuildFile; fileRef = 7265D5EB191994B80042DC3B /* main.m */; };
		7265D5F0191994B80042DC3B /* AppDelegate.m in Sources */ = {isa = PBXBuildFile; fileRef = 7265D5EF191994B80042DC3B /* AppDelegate.m */; };
		7265D5F3191994B80042DC3B /* Main_iPhone.storyboard in Resources */ = {isa = PBXBuildFile; fileRef = 7265D5F1191994B80042DC3B /* Main_iPhone.storyboard */; };
		7265D5F9191994B80042DC3B /* ViewController.mm in Sources */ = {isa = PBXBuildFile; fileRef = 7265D5F8191994B80042DC3B /* ViewController.mm */; };
		7265D5FB191994B80042DC3B /* Images.xcassets in Resources */ = {isa = PBXBuildFile; fileRef = 7265D5FA191994B80042DC3B /* Images.xcassets */; };
		7265D6651919977B0042DC3B /* AVFoundation.framework in Frameworks */ = {isa = PBXBuildFile; fileRef = 7265D6641919977B0042DC3B /* AVFoundation.framework */; };
		7265D667191997800042DC3B /* AudioToolbox.framework in Frameworks */ = {isa = PBXBuildFile; fileRef = 7265D666191997800042DC3B /* AudioToolbox.framework */; };
		7265D669191997840042DC3B /* CFNetwork.framework in Frameworks */ = {isa = PBXBuildFile; fileRef = 7265D668191997840042DC3B /* CFNetwork.framework */; };
		7265D66B1919978E0042DC3B /* CoreMedia.framework in Frameworks */ = {isa = PBXBuildFile; fileRef = 7265D66A1919978E0042DC3B /* CoreMedia.framework */; };
		7265D66D191997930042DC3B /* CoreVideo.framework in Frameworks */ = {isa = PBXBuildFile; fileRef = 7265D66C191997930042DC3B /* CoreVideo.framework */; };
		7265D66F191997970042DC3B /* OpenGLES.framework in Frameworks */ = {isa = PBXBuildFile; fileRef = 7265D66E191997970042DC3B /* OpenGLES.framework */; };
		78C740AE1DAB7E03006E6183 /* ReplayKit.framework in Frameworks */ = {isa = PBXBuildFile; fileRef = 78C740971DAB7DB0006E6183 /* ReplayKit.framework */; };
		78C740B51DAB7E03006E6183 /* SampleHandler.m in Sources */ = {isa = PBXBuildFile; fileRef = 78C740B41DAB7E03006E6183 /* SampleHandler.m */; };
		78C740CB1DAB7E04006E6183 /* SampleBroadcastUpload.appex in Embed App Extensions */ = {isa = PBXBuildFile; fileRef = 78C740AD1DAB7E03006E6183 /* SampleBroadcastUpload.appex */; settings = {ATTRIBUTES = (RemoveHeadersOnCopy, ); }; };
		78C740D71DAB8131006E6183 /* ReplayKit.framework in Frameworks */ = {isa = PBXBuildFile; fileRef = 78C740971DAB7DB0006E6183 /* ReplayKit.framework */; };
		78C740D81DAB8131006E6183 /* UIKit.framework in Frameworks */ = {isa = PBXBuildFile; fileRef = 7265D5E3191994B80042DC3B /* UIKit.framework */; };
		78C740DC1DAB8131006E6183 /* BroadcastViewController.m in Sources */ = {isa = PBXBuildFile; fileRef = 78C740DB1DAB8131006E6183 /* BroadcastViewController.m */; };
		78C740DF1DAB8131006E6183 /* MainInterface.storyboard in Resources */ = {isa = PBXBuildFile; fileRef = 78C740DD1DAB8131006E6183 /* MainInterface.storyboard */; };
		78C740E31DAB8131006E6183 /* SampleBroadcastExtUI.appex in Embed App Extensions */ = {isa = PBXBuildFile; fileRef = 78C740D61DAB8130006E6183 /* SampleBroadcastExtUI.appex */; settings = {ATTRIBUTES = (RemoveHeadersOnCopy, ); }; };
		7DD38D279AC1B191336B9F84 /* libPods-SampleBroadcastUpload.a in Frameworks */ = {isa = PBXBuildFile; fileRef = 0A794EADFB54A8A2372DABAF /* libPods-SampleBroadcastUpload.a */; };
/* End PBXBuildFile section */

/* Begin PBXContainerItemProxy section */
		78C740C91DAB7E04006E6183 /* PBXContainerItemProxy */ = {
			isa = PBXContainerItemProxy;
			containerPortal = 7265D5D4191994B80042DC3B /* Project object */;
			proxyType = 1;
			remoteGlobalIDString = 78C740AC1DAB7E03006E6183;
			remoteInfo = SampleBroadcastUpload;
		};
		78C740E11DAB8131006E6183 /* PBXContainerItemProxy */ = {
			isa = PBXContainerItemProxy;
			containerPortal = 7265D5D4191994B80042DC3B /* Project object */;
			proxyType = 1;
			remoteGlobalIDString = 78C740D51DAB8130006E6183;
			remoteInfo = SampleBroadcastExtUI;
		};
/* End PBXContainerItemProxy section */

/* Begin PBXCopyFilesBuildPhase section */
		78C740A81DAB7DB0006E6183 /* Embed App Extensions */ = {
			isa = PBXCopyFilesBuildPhase;
			buildActionMask = 2147483647;
			dstPath = "";
			dstSubfolderSpec = 13;
			files = (
				78C740E31DAB8131006E6183 /* SampleBroadcastExtUI.appex in Embed App Extensions */,
				78C740CB1DAB7E04006E6183 /* SampleBroadcastUpload.appex in Embed App Extensions */,
			);
			name = "Embed App Extensions";
			runOnlyForDeploymentPostprocessing = 0;
		};
/* End PBXCopyFilesBuildPhase section */

/* Begin PBXFileReference section */
		0A794EADFB54A8A2372DABAF /* libPods-SampleBroadcastUpload.a */ = {isa = PBXFileReference; explicitFileType = archive.ar; includeInIndex = 0; path = "libPods-SampleBroadcastUpload.a"; sourceTree = BUILT_PRODUCTS_DIR; };
		1A7B35641942542400AB5FD6 /* GLKit.framework */ = {isa = PBXFileReference; lastKnownFileType = wrapper.framework; name = GLKit.framework; path = System/Library/Frameworks/GLKit.framework; sourceTree = SDKROOT; };
		1A7B35661942564600AB5FD6 /* libPods.a */ = {isa = PBXFileReference; lastKnownFileType = archive.ar; name = libPods.a; path = "Pods/build/Debug-iphoneos/libPods.a"; sourceTree = "<group>"; };
		7265D5DC191994B80042DC3B /* SampleBroadcaster.app */ = {isa = PBXFileReference; explicitFileType = wrapper.application; includeInIndex = 0; path = SampleBroadcaster.app; sourceTree = BUILT_PRODUCTS_DIR; };
		7265D5DF191994B80042DC3B /* Foundation.framework */ = {isa = PBXFileReference; lastKnownFileType = wrapper.framework; name = Foundation.framework; path = System/Library/Frameworks/Foundation.framework; sourceTree = SDKROOT; };
		7265D5E1191994B80042DC3B /* CoreGraphics.framework */ = {isa = PBXFileReference; lastKnownFileType = wrapper.framework; name = CoreGraphics.framework; path = System/Library/Frameworks/CoreGraphics.framework; sourceTree = SDKROOT; };
		7265D5E3191994B80042DC3B /* UIKit.framework */ = {isa = PBXFileReference; lastKnownFileType = wrapper.framework; name = UIKit.framework; path = System/Library/Frameworks/UIKit.framework; sourceTree = SDKROOT; };
		7265D5E7191994B80042DC3B /* SampleBroadcaster-Info.plist */ = {isa = PBXFileReference; lastKnownFileType = text.plist.xml; path = "SampleBroadcaster-Info.plist"; sourceTree = "<group>"; };
		7265D5E9191994B80042DC3B /* en */ = {isa = PBXFileReference; lastKnownFileType = text.plist.strings; name = en; path = en.lproj/InfoPlist.strings; sourceTree = "<group>"; };
		7265D5EB191994B80042DC3B /* main.m */ = {isa = PBXFileReference; lastKnownFileType = sourcecode.c.objc; path = main.m; sourceTree = "<group>"; };
		7265D5ED191994B80042DC3B /* SampleBroadcaster-Prefix.pch */ = {isa = PBXFileReference; lastKnownFileType = sourcecode.c.h; path = "SampleBroadcaster-Prefix.pch"; sourceTree = "<group>"; };
		7265D5EE191994B80042DC3B /* AppDelegate.h */ = {isa = PBXFileReference; lastKnownFileType = sourcecode.c.h; path = AppDelegate.h; sourceTree = "<group>"; };
		7265D5EF191994B80042DC3B /* AppDelegate.m */ = {isa = PBXFileReference; lastKnownFileType = sourcecode.c.objc; path = AppDelegate.m; sourceTree = "<group>"; };
		7265D5F2191994B80042DC3B /* Base */ = {isa = PBXFileReference; lastKnownFileType = file.storyboard; name = Base; path = Base.lproj/Main_iPhone.storyboard; sourceTree = "<group>"; };
		7265D5F7191994B80042DC3B /* ViewController.h */ = {isa = PBXFileReference; lastKnownFileType = sourcecode.c.h; path = ViewController.h; sourceTree = "<group>"; };
		7265D5F8191994B80042DC3B /* ViewController.mm */ = {isa = PBXFileReference; lastKnownFileType = sourcecode.cpp.objcpp; path = ViewController.mm; sourceTree = "<group>"; };
		7265D5FA191994B80042DC3B /* Images.xcassets */ = {isa = PBXFileReference; lastKnownFileType = folder.assetcatalog; path = Images.xcassets; sourceTree = "<group>"; };
		7265D601191994B80042DC3B /* XCTest.framework */ = {isa = PBXFileReference; lastKnownFileType = wrapper.framework; name = XCTest.framework; path = Library/Frameworks/XCTest.framework; sourceTree = DEVELOPER_DIR; };
		7265D6641919977B0042DC3B /* AVFoundation.framework */ = {isa = PBXFileReference; lastKnownFileType = wrapper.framework; name = AVFoundation.framework; path = System/Library/Frameworks/AVFoundation.framework; sourceTree = SDKROOT; };
		7265D666191997800042DC3B /* AudioToolbox.framework */ = {isa = PBXFileReference; lastKnownFileType = wrapper.framework; name = AudioToolbox.framework; path = System/Library/Frameworks/AudioToolbox.framework; sourceTree = SDKROOT; };
		7265D668191997840042DC3B /* CFNetwork.framework */ = {isa = PBXFileReference; lastKnownFileType = wrapper.framework; name = CFNetwork.framework; path = System/Library/Frameworks/CFNetwork.framework; sourceTree = SDKROOT; };
		7265D66A1919978E0042DC3B /* CoreMedia.framework */ = {isa = PBXFileReference; lastKnownFileType = wrapper.framework; name = CoreMedia.framework; path = System/Library/Frameworks/CoreMedia.framework; sourceTree = SDKROOT; };
		7265D66C191997930042DC3B /* CoreVideo.framework */ = {isa = PBXFileReference; lastKnownFileType = wrapper.framework; name = CoreVideo.framework; path = System/Library/Frameworks/CoreVideo.framework; sourceTree = SDKROOT; };
		7265D66E191997970042DC3B /* OpenGLES.framework */ = {isa = PBXFileReference; lastKnownFileType = wrapper.framework; name = OpenGLES.framework; path = System/Library/Frameworks/OpenGLES.framework; sourceTree = SDKROOT; };
		742BF1371596B8F1A1ADE1EB /* Pods-SampleBroadcastUpload.debug.xcconfig */ = {isa = PBXFileReference; includeInIndex = 1; lastKnownFileType = text.xcconfig; name = "Pods-SampleBroadcastUpload.debug.xcconfig"; path = "Pods/Target Support Files/Pods-SampleBroadcastUpload/Pods-SampleBroadcastUpload.debug.xcconfig"; sourceTree = "<group>"; };
		78C740971DAB7DB0006E6183 /* ReplayKit.framework */ = {isa = PBXFileReference; lastKnownFileType = wrapper.framework; name = ReplayKit.framework; path = System/Library/Frameworks/ReplayKit.framework; sourceTree = SDKROOT; };
		78C740AD1DAB7E03006E6183 /* SampleBroadcastUpload.appex */ = {isa = PBXFileReference; explicitFileType = "wrapper.app-extension"; includeInIndex = 0; path = SampleBroadcastUpload.appex; sourceTree = BUILT_PRODUCTS_DIR; };
		78C740B31DAB7E03006E6183 /* SampleHandler.h */ = {isa = PBXFileReference; lastKnownFileType = sourcecode.c.h; path = SampleHandler.h; sourceTree = "<group>"; };
		78C740B41DAB7E03006E6183 /* SampleHandler.m */ = {isa = PBXFileReference; lastKnownFileType = sourcecode.c.objc; path = SampleHandler.m; sourceTree = "<group>"; };
		78C740B61DAB7E03006E6183 /* Info.plist */ = {isa = PBXFileReference; lastKnownFileType = text.plist.xml; path = Info.plist; sourceTree = "<group>"; };
		78C740D61DAB8130006E6183 /* SampleBroadcastExtUI.appex */ = {isa = PBXFileReference; explicitFileType = "wrapper.app-extension"; includeInIndex = 0; path = SampleBroadcastExtUI.appex; sourceTree = BUILT_PRODUCTS_DIR; };
		78C740DA1DAB8131006E6183 /* BroadcastViewController.h */ = {isa = PBXFileReference; lastKnownFileType = sourcecode.c.h; path = BroadcastViewController.h; sourceTree = "<group>"; };
		78C740DB1DAB8131006E6183 /* BroadcastViewController.m */ = {isa = PBXFileReference; lastKnownFileType = sourcecode.c.objc; path = BroadcastViewController.m; sourceTree = "<group>"; };
		78C740DE1DAB8131006E6183 /* Base */ = {isa = PBXFileReference; lastKnownFileType = file.storyboard; name = Base; path = Base.lproj/MainInterface.storyboard; sourceTree = "<group>"; };
		78C740E01DAB8131006E6183 /* Info.plist */ = {isa = PBXFileReference; lastKnownFileType = text.plist.xml; path = Info.plist; sourceTree = "<group>"; };
		8CB326EB85FE8289E24B4010 /* Pods-SampleBroadcaster.debug.xcconfig */ = {isa = PBXFileReference; includeInIndex = 1; lastKnownFileType = text.xcconfig; name = "Pods-SampleBroadcaster.debug.xcconfig"; path = "Pods/Target Support Files/Pods-SampleBroadcaster/Pods-SampleBroadcaster.debug.xcconfig"; sourceTree = "<group>"; };
		943FB87F80A42010B807AE67 /* Pods-SampleBroadcaster.release.xcconfig */ = {isa = PBXFileReference; includeInIndex = 1; lastKnownFileType = text.xcconfig; name = "Pods-SampleBroadcaster.release.xcconfig"; path = "Pods/Target Support Files/Pods-SampleBroadcaster/Pods-SampleBroadcaster.release.xcconfig"; sourceTree = "<group>"; };
		99A0A2B912DC6C5F4BDDA65C /* Pods-SampleBroadcastUpload.release.xcconfig */ = {isa = PBXFileReference; includeInIndex = 1; lastKnownFileType = text.xcconfig; name = "Pods-SampleBroadcastUpload.release.xcconfig"; path = "Pods/Target Support Files/Pods-SampleBroadcastUpload/Pods-SampleBroadcastUpload.release.xcconfig"; sourceTree = "<group>"; };
		CC735A4E92C63890CCEB728E /* libPods-SampleBroadcaster.a */ = {isa = PBXFileReference; explicitFileType = archive.ar; includeInIndex = 0; path = "libPods-SampleBroadcaster.a"; sourceTree = BUILT_PRODUCTS_DIR; };
/* End PBXFileReference section */

/* Begin PBXFrameworksBuildPhase section */
		7265D5D9191994B80042DC3B /* Frameworks */ = {
			isa = PBXFrameworksBuildPhase;
			buildActionMask = 2147483647;
			files = (
				1A7B35651942542400AB5FD6 /* GLKit.framework in Frameworks */,
				7265D66F191997970042DC3B /* OpenGLES.framework in Frameworks */,
				7265D66D191997930042DC3B /* CoreVideo.framework in Frameworks */,
				7265D66B1919978E0042DC3B /* CoreMedia.framework in Frameworks */,
				7265D669191997840042DC3B /* CFNetwork.framework in Frameworks */,
				7265D667191997800042DC3B /* AudioToolbox.framework in Frameworks */,
				7265D6651919977B0042DC3B /* AVFoundation.framework in Frameworks */,
				7265D5E2191994B80042DC3B /* CoreGraphics.framework in Frameworks */,
				7265D5E4191994B80042DC3B /* UIKit.framework in Frameworks */,
				7265D5E0191994B80042DC3B /* Foundation.framework in Frameworks */,
				0C0653A2DE14CE186400AF1B /* libPods-SampleBroadcaster.a in Frameworks */,
			);
			runOnlyForDeploymentPostprocessing = 0;
		};
		78C740AA1DAB7E03006E6183 /* Frameworks */ = {
			isa = PBXFrameworksBuildPhase;
			buildActionMask = 2147483647;
			files = (
				78C740AE1DAB7E03006E6183 /* ReplayKit.framework in Frameworks */,
				7DD38D279AC1B191336B9F84 /* libPods-SampleBroadcastUpload.a in Frameworks */,
			);
			runOnlyForDeploymentPostprocessing = 0;
		};
		78C740D31DAB8130006E6183 /* Frameworks */ = {
			isa = PBXFrameworksBuildPhase;
			buildActionMask = 2147483647;
			files = (
				78C740D71DAB8131006E6183 /* ReplayKit.framework in Frameworks */,
				78C740D81DAB8131006E6183 /* UIKit.framework in Frameworks */,
			);
			runOnlyForDeploymentPostprocessing = 0;
		};
/* End PBXFrameworksBuildPhase section */

/* Begin PBXGroup section */
		6505A49478660BF7A64D1D84 /* Pods */ = {
			isa = PBXGroup;
			children = (
				8CB326EB85FE8289E24B4010 /* Pods-SampleBroadcaster.debug.xcconfig */,
				943FB87F80A42010B807AE67 /* Pods-SampleBroadcaster.release.xcconfig */,
				742BF1371596B8F1A1ADE1EB /* Pods-SampleBroadcastUpload.debug.xcconfig */,
				99A0A2B912DC6C5F4BDDA65C /* Pods-SampleBroadcastUpload.release.xcconfig */,
			);
			name = Pods;
			sourceTree = "<group>";
		};
		7265D5D3191994B80042DC3B = {
			isa = PBXGroup;
			children = (
				7265D5E5191994B80042DC3B /* SampleBroadcaster */,
				78C740AF1DAB7E03006E6183 /* SampleBroadcastUpload */,
				78C740D91DAB8131006E6183 /* SampleBroadcastExtUI */,
				7265D5DE191994B80042DC3B /* Frameworks */,
				7265D5DD191994B80042DC3B /* Products */,
				6505A49478660BF7A64D1D84 /* Pods */,
			);
			sourceTree = "<group>";
		};
		7265D5DD191994B80042DC3B /* Products */ = {
			isa = PBXGroup;
			children = (
				7265D5DC191994B80042DC3B /* SampleBroadcaster.app */,
				78C740AD1DAB7E03006E6183 /* SampleBroadcastUpload.appex */,
				78C740D61DAB8130006E6183 /* SampleBroadcastExtUI.appex */,
			);
			name = Products;
			sourceTree = "<group>";
		};
		7265D5DE191994B80042DC3B /* Frameworks */ = {
			isa = PBXGroup;
			children = (
				1A7B35661942564600AB5FD6 /* libPods.a */,
				1A7B35641942542400AB5FD6 /* GLKit.framework */,
				7265D66E191997970042DC3B /* OpenGLES.framework */,
				7265D66C191997930042DC3B /* CoreVideo.framework */,
				7265D66A1919978E0042DC3B /* CoreMedia.framework */,
				7265D668191997840042DC3B /* CFNetwork.framework */,
				7265D666191997800042DC3B /* AudioToolbox.framework */,
				7265D6641919977B0042DC3B /* AVFoundation.framework */,
				7265D5DF191994B80042DC3B /* Foundation.framework */,
				7265D5E1191994B80042DC3B /* CoreGraphics.framework */,
				7265D5E3191994B80042DC3B /* UIKit.framework */,
				7265D601191994B80042DC3B /* XCTest.framework */,
				CC735A4E92C63890CCEB728E /* libPods-SampleBroadcaster.a */,
				78C740971DAB7DB0006E6183 /* ReplayKit.framework */,
				0A794EADFB54A8A2372DABAF /* libPods-SampleBroadcastUpload.a */,
			);
			name = Frameworks;
			sourceTree = "<group>";
		};
		7265D5E5191994B80042DC3B /* SampleBroadcaster */ = {
			isa = PBXGroup;
			children = (
				7265D5EE191994B80042DC3B /* AppDelegate.h */,
				7265D5EF191994B80042DC3B /* AppDelegate.m */,
				7265D5F1191994B80042DC3B /* Main_iPhone.storyboard */,
				7265D5F7191994B80042DC3B /* ViewController.h */,
				7265D5F8191994B80042DC3B /* ViewController.mm */,
				7265D5FA191994B80042DC3B /* Images.xcassets */,
				7265D5E6191994B80042DC3B /* Supporting Files */,
			);
			path = SampleBroadcaster;
			sourceTree = "<group>";
		};
		7265D5E6191994B80042DC3B /* Supporting Files */ = {
			isa = PBXGroup;
			children = (
				7265D5E7191994B80042DC3B /* SampleBroadcaster-Info.plist */,
				7265D5E8191994B80042DC3B /* InfoPlist.strings */,
				7265D5EB191994B80042DC3B /* main.m */,
				7265D5ED191994B80042DC3B /* SampleBroadcaster-Prefix.pch */,
			);
			name = "Supporting Files";
			sourceTree = "<group>";
		};
		78C740AF1DAB7E03006E6183 /* SampleBroadcastUpload */ = {
			isa = PBXGroup;
			children = (
				78C740B31DAB7E03006E6183 /* SampleHandler.h */,
				78C740B41DAB7E03006E6183 /* SampleHandler.m */,
				78C740B61DAB7E03006E6183 /* Info.plist */,
			);
			path = SampleBroadcastUpload;
			sourceTree = "<group>";
		};
		78C740D91DAB8131006E6183 /* SampleBroadcastExtUI */ = {
			isa = PBXGroup;
			children = (
				78C740DA1DAB8131006E6183 /* BroadcastViewController.h */,
				78C740DB1DAB8131006E6183 /* BroadcastViewController.m */,
				78C740DD1DAB8131006E6183 /* MainInterface.storyboard */,
				78C740E01DAB8131006E6183 /* Info.plist */,
			);
			path = SampleBroadcastExtUI;
			sourceTree = "<group>";
		};
/* End PBXGroup section */

/* Begin PBXNativeTarget section */
		7265D5DB191994B80042DC3B /* SampleBroadcaster */ = {
			isa = PBXNativeTarget;
			buildConfigurationList = 7265D611191994B80042DC3B /* Build configuration list for PBXNativeTarget "SampleBroadcaster" */;
			buildPhases = (
				60FA1F6584665E93F8C5866F /* [CP] Check Pods Manifest.lock */,
				7265D5D8191994B80042DC3B /* Sources */,
				7265D5D9191994B80042DC3B /* Frameworks */,
				7265D5DA191994B80042DC3B /* Resources */,
				7D2E3F42803C8CFEB941F8C6 /* [CP] Embed Pods Frameworks */,
				C6F887A756E7C524CDE2F72B /* [CP] Copy Pods Resources */,
				78C740A81DAB7DB0006E6183 /* Embed App Extensions */,
			);
			buildRules = (
			);
			dependencies = (
				78C740CA1DAB7E04006E6183 /* PBXTargetDependency */,
				78C740E21DAB8131006E6183 /* PBXTargetDependency */,
			);
			name = SampleBroadcaster;
			productName = SampleBroadcaster;
			productReference = 7265D5DC191994B80042DC3B /* SampleBroadcaster.app */;
			productType = "com.apple.product-type.application";
		};
		78C740AC1DAB7E03006E6183 /* SampleBroadcastUpload */ = {
			isa = PBXNativeTarget;
			buildConfigurationList = 78C740CF1DAB7E04006E6183 /* Build configuration list for PBXNativeTarget "SampleBroadcastUpload" */;
			buildPhases = (
				2C32271203362FA2E2E1090F /* [CP] Check Pods Manifest.lock */,
				78C740A91DAB7E03006E6183 /* Sources */,
				78C740AA1DAB7E03006E6183 /* Frameworks */,
				78C740AB1DAB7E03006E6183 /* Resources */,
				50B63543B3074B5E9CDBE589 /* [CP] Copy Pods Resources */,
			);
			buildRules = (
			);
			dependencies = (
			);
			name = SampleBroadcastUpload;
			productName = SampleBroadcastUpload;
			productReference = 78C740AD1DAB7E03006E6183 /* SampleBroadcastUpload.appex */;
			productType = "com.apple.product-type.app-extension";
		};
		78C740D51DAB8130006E6183 /* SampleBroadcastExtUI */ = {
			isa = PBXNativeTarget;
			buildConfigurationList = 78C740E41DAB8131006E6183 /* Build configuration list for PBXNativeTarget "SampleBroadcastExtUI" */;
			buildPhases = (
				78C740D21DAB8130006E6183 /* Sources */,
				78C740D31DAB8130006E6183 /* Frameworks */,
				78C740D41DAB8130006E6183 /* Resources */,
			);
			buildRules = (
			);
			dependencies = (
			);
			name = SampleBroadcastExtUI;
			productName = SampleBroadcastExtUI;
			productReference = 78C740D61DAB8130006E6183 /* SampleBroadcastExtUI.appex */;
			productType = "com.apple.product-type.app-extension";
		};
/* End PBXNativeTarget section */

/* Begin PBXProject section */
		7265D5D4191994B80042DC3B /* Project object */ = {
			isa = PBXProject;
			attributes = {
				LastUpgradeCheck = 0510;
				ORGANIZATIONNAME = videocore;
				TargetAttributes = {
					7265D5DB191994B80042DC3B = {
						DevelopmentTeam = 4QGCBVR5TL;
					};
					78C740AC1DAB7E03006E6183 = {
						CreatedOnToolsVersion = 8.0;
						DevelopmentTeam = 4QGCBVR5TL;
						ProvisioningStyle = Automatic;
					};
					78C740D51DAB8130006E6183 = {
						CreatedOnToolsVersion = 8.0;
						DevelopmentTeam = 4QGCBVR5TL;
						ProvisioningStyle = Automatic;
					};
				};
			};
			buildConfigurationList = 7265D5D7191994B80042DC3B /* Build configuration list for PBXProject "SampleBroadcaster" */;
			compatibilityVersion = "Xcode 3.2";
			developmentRegion = English;
			hasScannedForEncodings = 0;
			knownRegions = (
				en,
				Base,
			);
			mainGroup = 7265D5D3191994B80042DC3B;
			productRefGroup = 7265D5DD191994B80042DC3B /* Products */;
			projectDirPath = "";
			projectRoot = "";
			targets = (
				7265D5DB191994B80042DC3B /* SampleBroadcaster */,
				78C740AC1DAB7E03006E6183 /* SampleBroadcastUpload */,
				78C740D51DAB8130006E6183 /* SampleBroadcastExtUI */,
			);
		};
/* End PBXProject section */

/* Begin PBXResourcesBuildPhase section */
		7265D5DA191994B80042DC3B /* Resources */ = {
			isa = PBXResourcesBuildPhase;
			buildActionMask = 2147483647;
			files = (
				7265D5FB191994B80042DC3B /* Images.xcassets in Resources */,
				7265D5F3191994B80042DC3B /* Main_iPhone.storyboard in Resources */,
				7265D5EA191994B80042DC3B /* InfoPlist.strings in Resources */,
			);
			runOnlyForDeploymentPostprocessing = 0;
		};
		78C740AB1DAB7E03006E6183 /* Resources */ = {
			isa = PBXResourcesBuildPhase;
			buildActionMask = 2147483647;
			files = (
			);
			runOnlyForDeploymentPostprocessing = 0;
		};
		78C740D41DAB8130006E6183 /* Resources */ = {
			isa = PBXResourcesBuildPhase;
			buildActionMask = 2147483647;
			files = (
				78C740DF1DAB8131006E6183 /* MainInterface.storyboard in Resources */,
			);
			runOnlyForDeploymentPostprocessing = 0;
		};
/* End PBXResourcesBuildPhase section */

/* Begin PBXShellScriptBuildPhase section */
		2C32271203362FA2E2E1090F /* [CP] Check Pods Manifest.lock */ = {
			isa = PBXShellScriptBuildPhase;
			buildActionMask = 2147483647;
			files = (
			);
			inputPaths = (
			);
			name = "[CP] Check Pods Manifest.lock";
			outputPaths = (
			);
			runOnlyForDeploymentPostprocessing = 0;
			shellPath = /bin/sh;
			shellScript = "diff \"${PODS_ROOT}/../Podfile.lock\" \"${PODS_ROOT}/Manifest.lock\" > /dev/null\nif [ $? != 0 ] ; then\n    # print error to STDERR\n    echo \"error: The sandbox is not in sync with the Podfile.lock. Run 'pod install' or update your CocoaPods installation.\" >&2\n    exit 1\nfi\n";
			showEnvVarsInLog = 0;
		};
		50B63543B3074B5E9CDBE589 /* [CP] Copy Pods Resources */ = {
			isa = PBXShellScriptBuildPhase;
			buildActionMask = 2147483647;
			files = (
			);
			inputPaths = (
			);
			name = "[CP] Copy Pods Resources";
			outputPaths = (
			);
			runOnlyForDeploymentPostprocessing = 0;
			shellPath = /bin/sh;
			shellScript = "\"${SRCROOT}/Pods/Target Support Files/Pods-SampleBroadcastUpload/Pods-SampleBroadcastUpload-resources.sh\"\n";
			showEnvVarsInLog = 0;
		};
		60FA1F6584665E93F8C5866F /* [CP] Check Pods Manifest.lock */ = {
			isa = PBXShellScriptBuildPhase;
			buildActionMask = 2147483647;
			files = (
			);
			inputPaths = (
			);
			name = "[CP] Check Pods Manifest.lock";
			outputPaths = (
			);
			runOnlyForDeploymentPostprocessing = 0;
			shellPath = /bin/sh;
			shellScript = "diff \"${PODS_ROOT}/../Podfile.lock\" \"${PODS_ROOT}/Manifest.lock\" > /dev/null\nif [ $? != 0 ] ; then\n    # print error to STDERR\n    echo \"error: The sandbox is not in sync with the Podfile.lock. Run 'pod install' or update your CocoaPods installation.\" >&2\n    exit 1\nfi\n";
			showEnvVarsInLog = 0;
		};
		7D2E3F42803C8CFEB941F8C6 /* [CP] Embed Pods Frameworks */ = {
			isa = PBXShellScriptBuildPhase;
			buildActionMask = 2147483647;
			files = (
			);
			inputPaths = (
			);
			name = "[CP] Embed Pods Frameworks";
			outputPaths = (
			);
			runOnlyForDeploymentPostprocessing = 0;
			shellPath = /bin/sh;
			shellScript = "\"${SRCROOT}/Pods/Target Support Files/Pods-SampleBroadcaster/Pods-SampleBroadcaster-frameworks.sh\"\n";
			showEnvVarsInLog = 0;
		};
		C6F887A756E7C524CDE2F72B /* [CP] Copy Pods Resources */ = {
			isa = PBXShellScriptBuildPhase;
			buildActionMask = 2147483647;
			files = (
			);
			inputPaths = (
			);
			name = "[CP] Copy Pods Resources";
			outputPaths = (
			);
			runOnlyForDeploymentPostprocessing = 0;
			shellPath = /bin/sh;
			shellScript = "\"${SRCROOT}/Pods/Target Support Files/Pods-SampleBroadcaster/Pods-SampleBroadcaster-resources.sh\"\n";
			showEnvVarsInLog = 0;
		};
/* End PBXShellScriptBuildPhase section */

/* Begin PBXSourcesBuildPhase section */
		7265D5D8191994B80042DC3B /* Sources */ = {
			isa = PBXSourcesBuildPhase;
			buildActionMask = 2147483647;
			files = (
				7265D5F9191994B80042DC3B /* ViewController.mm in Sources */,
				7265D5F0191994B80042DC3B /* AppDelegate.m in Sources */,
				7265D5EC191994B80042DC3B /* main.m in Sources */,
			);
			runOnlyForDeploymentPostprocessing = 0;
		};
		78C740A91DAB7E03006E6183 /* Sources */ = {
			isa = PBXSourcesBuildPhase;
			buildActionMask = 2147483647;
			files = (
				78C740B51DAB7E03006E6183 /* SampleHandler.m in Sources */,
			);
			runOnlyForDeploymentPostprocessing = 0;
		};
		78C740D21DAB8130006E6183 /* Sources */ = {
			isa = PBXSourcesBuildPhase;
			buildActionMask = 2147483647;
			files = (
				78C740DC1DAB8131006E6183 /* BroadcastViewController.m in Sources */,
			);
			runOnlyForDeploymentPostprocessing = 0;
		};
/* End PBXSourcesBuildPhase section */

/* Begin PBXTargetDependency section */
		78C740CA1DAB7E04006E6183 /* PBXTargetDependency */ = {
			isa = PBXTargetDependency;
			target = 78C740AC1DAB7E03006E6183 /* SampleBroadcastUpload */;
			targetProxy = 78C740C91DAB7E04006E6183 /* PBXContainerItemProxy */;
		};
		78C740E21DAB8131006E6183 /* PBXTargetDependency */ = {
			isa = PBXTargetDependency;
			target = 78C740D51DAB8130006E6183 /* SampleBroadcastExtUI */;
			targetProxy = 78C740E11DAB8131006E6183 /* PBXContainerItemProxy */;
		};
/* End PBXTargetDependency section */

/* Begin PBXVariantGroup section */
		7265D5E8191994B80042DC3B /* InfoPlist.strings */ = {
			isa = PBXVariantGroup;
			children = (
				7265D5E9191994B80042DC3B /* en */,
			);
			name = InfoPlist.strings;
			sourceTree = "<group>";
		};
		7265D5F1191994B80042DC3B /* Main_iPhone.storyboard */ = {
			isa = PBXVariantGroup;
			children = (
				7265D5F2191994B80042DC3B /* Base */,
			);
			name = Main_iPhone.storyboard;
			sourceTree = "<group>";
		};
		78C740DD1DAB8131006E6183 /* MainInterface.storyboard */ = {
			isa = PBXVariantGroup;
			children = (
				78C740DE1DAB8131006E6183 /* Base */,
			);
			name = MainInterface.storyboard;
			sourceTree = "<group>";
		};
/* End PBXVariantGroup section */

/* Begin XCBuildConfiguration section */
		7265D60F191994B80042DC3B /* Debug */ = {
			isa = XCBuildConfiguration;
			buildSettings = {
				ALWAYS_SEARCH_USER_PATHS = NO;
				CLANG_CXX_LANGUAGE_STANDARD = "gnu++0x";
				CLANG_CXX_LIBRARY = "libc++";
				CLANG_ENABLE_MODULES = YES;
				CLANG_ENABLE_OBJC_ARC = NO;
				CLANG_WARN_BOOL_CONVERSION = YES;
				CLANG_WARN_CONSTANT_CONVERSION = YES;
				CLANG_WARN_DIRECT_OBJC_ISA_USAGE = YES_ERROR;
				CLANG_WARN_EMPTY_BODY = YES;
				CLANG_WARN_ENUM_CONVERSION = YES;
				CLANG_WARN_INT_CONVERSION = YES;
				CLANG_WARN_OBJC_ROOT_CLASS = YES_ERROR;
				CLANG_WARN__DUPLICATE_METHOD_MATCH = YES;
				"CODE_SIGN_IDENTITY[sdk=iphoneos*]" = "iPhone Developer";
				COPY_PHASE_STRIP = NO;
				GCC_C_LANGUAGE_STANDARD = gnu99;
				GCC_DYNAMIC_NO_PIC = NO;
				GCC_OPTIMIZATION_LEVEL = 0;
				GCC_PREPROCESSOR_DEFINITIONS = (
					"DEBUG=1",
					"$(inherited)",
				);
				GCC_SYMBOLS_PRIVATE_EXTERN = NO;
				GCC_WARN_64_TO_32_BIT_CONVERSION = YES;
				GCC_WARN_ABOUT_RETURN_TYPE = YES_ERROR;
				GCC_WARN_UNDECLARED_SELECTOR = YES;
				GCC_WARN_UNINITIALIZED_AUTOS = YES_AGGRESSIVE;
				GCC_WARN_UNUSED_FUNCTION = YES;
				GCC_WARN_UNUSED_VARIABLE = YES;
				HEADER_SEARCH_PATHS = (
					"$(SRCROOT)/../../../",
					"$(SRCROOT)/../../lib/include",
					"$(inherited)",
					/Applications/Xcode.app/Contents/Developer/Toolchains/XcodeDefault.xctoolchain/usr/include,
				);
				IPHONEOS_DEPLOYMENT_TARGET = 10.0;
				ONLY_ACTIVE_ARCH = YES;
				SDKROOT = iphoneos;
				TARGETED_DEVICE_FAMILY = "1,2";
			};
			name = Debug;
		};
		7265D610191994B80042DC3B /* Release */ = {
			isa = XCBuildConfiguration;
			buildSettings = {
				ALWAYS_SEARCH_USER_PATHS = NO;
				CLANG_CXX_LANGUAGE_STANDARD = "gnu++0x";
				CLANG_CXX_LIBRARY = "libc++";
				CLANG_ENABLE_MODULES = YES;
				CLANG_ENABLE_OBJC_ARC = NO;
				CLANG_WARN_BOOL_CONVERSION = YES;
				CLANG_WARN_CONSTANT_CONVERSION = YES;
				CLANG_WARN_DIRECT_OBJC_ISA_USAGE = YES_ERROR;
				CLANG_WARN_EMPTY_BODY = YES;
				CLANG_WARN_ENUM_CONVERSION = YES;
				CLANG_WARN_INT_CONVERSION = YES;
				CLANG_WARN_OBJC_ROOT_CLASS = YES_ERROR;
				CLANG_WARN__DUPLICATE_METHOD_MATCH = YES;
				"CODE_SIGN_IDENTITY[sdk=iphoneos*]" = "iPhone Developer";
				COPY_PHASE_STRIP = YES;
				ENABLE_NS_ASSERTIONS = NO;
				GCC_C_LANGUAGE_STANDARD = gnu99;
				GCC_WARN_64_TO_32_BIT_CONVERSION = YES;
				GCC_WARN_ABOUT_RETURN_TYPE = YES_ERROR;
				GCC_WARN_UNDECLARED_SELECTOR = YES;
				GCC_WARN_UNINITIALIZED_AUTOS = YES_AGGRESSIVE;
				GCC_WARN_UNUSED_FUNCTION = YES;
				GCC_WARN_UNUSED_VARIABLE = YES;
				HEADER_SEARCH_PATHS = (
					"$(SRCROOT)/../../../",
					"$(SRCROOT)/../../lib/include",
					"$(inherited)",
					/Applications/Xcode.app/Contents/Developer/Toolchains/XcodeDefault.xctoolchain/usr/include,
				);
				IPHONEOS_DEPLOYMENT_TARGET = 10.0;
				SDKROOT = iphoneos;
				TARGETED_DEVICE_FAMILY = "1,2";
				VALIDATE_PRODUCT = YES;
			};
			name = Release;
		};
		7265D612191994B80042DC3B /* Debug */ = {
			isa = XCBuildConfiguration;
			baseConfigurationReference = 8CB326EB85FE8289E24B4010 /* Pods-SampleBroadcaster.debug.xcconfig */;
			buildSettings = {
				ASSETCATALOG_COMPILER_APPICON_NAME = AppIcon;
				ASSETCATALOG_COMPILER_LAUNCHIMAGE_NAME = LaunchImage;
				CODE_SIGN_IDENTITY = "iPhone Developer";
				"CODE_SIGN_IDENTITY[sdk=iphoneos*]" = "iPhone Developer";
				DEVELOPMENT_TEAM = 4QGCBVR5TL;
				GCC_PRECOMPILE_PREFIX_HEADER = YES;
				GCC_PREFIX_HEADER = "SampleBroadcaster/SampleBroadcaster-Prefix.pch";
				INFOPLIST_FILE = "SampleBroadcaster/SampleBroadcaster-Info.plist";
				LIBRARY_SEARCH_PATHS = "$(inherited)";
				PRODUCT_BUNDLE_IDENTIFIER = com.soplwang.SampleBroadcaster;
				PRODUCT_NAME = "$(TARGET_NAME)";
				PROVISIONING_PROFILE = "";
				TARGETED_DEVICE_FAMILY = 1;
				WRAPPER_EXTENSION = app;
			};
			name = Debug;
		};
		7265D613191994B80042DC3B /* Release */ = {
			isa = XCBuildConfiguration;
			baseConfigurationReference = 943FB87F80A42010B807AE67 /* Pods-SampleBroadcaster.release.xcconfig */;
			buildSettings = {
				ASSETCATALOG_COMPILER_APPICON_NAME = AppIcon;
				ASSETCATALOG_COMPILER_LAUNCHIMAGE_NAME = LaunchImage;
				CODE_SIGN_IDENTITY = "iPhone Developer";
				"CODE_SIGN_IDENTITY[sdk=iphoneos*]" = "iPhone Developer";
				DEVELOPMENT_TEAM = 4QGCBVR5TL;
				GCC_PRECOMPILE_PREFIX_HEADER = YES;
				GCC_PREFIX_HEADER = "SampleBroadcaster/SampleBroadcaster-Prefix.pch";
				INFOPLIST_FILE = "SampleBroadcaster/SampleBroadcaster-Info.plist";
				LIBRARY_SEARCH_PATHS = "$(inherited)";
				PRODUCT_BUNDLE_IDENTIFIER = com.soplwang.SampleBroadcaster;
				PRODUCT_NAME = "$(TARGET_NAME)";
				PROVISIONING_PROFILE = "";
				TARGETED_DEVICE_FAMILY = 1;
				WRAPPER_EXTENSION = app;
			};
			name = Release;
		};
		78C740D01DAB7E04006E6183 /* Debug */ = {
			isa = XCBuildConfiguration;
			baseConfigurationReference = 742BF1371596B8F1A1ADE1EB /* Pods-SampleBroadcastUpload.debug.xcconfig */;
			buildSettings = {
				CLANG_ANALYZER_NONNULL = YES;
				CLANG_ENABLE_OBJC_ARC = YES;
				CLANG_WARN_DOCUMENTATION_COMMENTS = YES;
				CLANG_WARN_INFINITE_RECURSION = YES;
				CLANG_WARN_SUSPICIOUS_MOVES = YES;
				CLANG_WARN_UNREACHABLE_CODE = YES;
				CODE_SIGN_IDENTITY = "iPhone Developer";
				"CODE_SIGN_IDENTITY[sdk=iphoneos*]" = "iPhone Developer";
				DEBUG_INFORMATION_FORMAT = dwarf;
				DEVELOPMENT_TEAM = 4QGCBVR5TL;
				ENABLE_STRICT_OBJC_MSGSEND = YES;
				ENABLE_TESTABILITY = YES;
				GCC_NO_COMMON_BLOCKS = YES;
				INFOPLIST_FILE = SampleBroadcastUpload/Info.plist;
				LD_RUNPATH_SEARCH_PATHS = "$(inherited) @executable_path/Frameworks @executable_path/../../Frameworks";
				MTL_ENABLE_DEBUG_INFO = YES;
				PRODUCT_BUNDLE_IDENTIFIER = com.soplwang.SampleBroadcaster.SampleBroadcastUpload;
				PRODUCT_NAME = "$(TARGET_NAME)";
				SKIP_INSTALL = YES;
			};
			name = Debug;
		};
		78C740D11DAB7E04006E6183 /* Release */ = {
			isa = XCBuildConfiguration;
			baseConfigurationReference = 99A0A2B912DC6C5F4BDDA65C /* Pods-SampleBroadcastUpload.release.xcconfig */;
			buildSettings = {
				CLANG_ANALYZER_NONNULL = YES;
				CLANG_ENABLE_OBJC_ARC = YES;
				CLANG_WARN_DOCUMENTATION_COMMENTS = YES;
				CLANG_WARN_INFINITE_RECURSION = YES;
				CLANG_WARN_SUSPICIOUS_MOVES = YES;
				CLANG_WARN_UNREACHABLE_CODE = YES;
				CODE_SIGN_IDENTITY = "iPhone Developer";
				"CODE_SIGN_IDENTITY[sdk=iphoneos*]" = "iPhone Developer";
				COPY_PHASE_STRIP = NO;
				DEBUG_INFORMATION_FORMAT = "dwarf-with-dsym";
				DEVELOPMENT_TEAM = 4QGCBVR5TL;
				ENABLE_STRICT_OBJC_MSGSEND = YES;
				GCC_NO_COMMON_BLOCKS = YES;
				INFOPLIST_FILE = SampleBroadcastUpload/Info.plist;
				LD_RUNPATH_SEARCH_PATHS = "$(inherited) @executable_path/Frameworks @executable_path/../../Frameworks";
				MTL_ENABLE_DEBUG_INFO = NO;
				PRODUCT_BUNDLE_IDENTIFIER = com.soplwang.SampleBroadcaster.SampleBroadcastUpload;
				PRODUCT_NAME = "$(TARGET_NAME)";
				SKIP_INSTALL = YES;
			};
			name = Release;
		};
		78C740E51DAB8131006E6183 /* Debug */ = {
			isa = XCBuildConfiguration;
			buildSettings = {
				CLANG_ANALYZER_NONNULL = YES;
				CLANG_ENABLE_OBJC_ARC = YES;
				CLANG_WARN_DOCUMENTATION_COMMENTS = YES;
				CLANG_WARN_INFINITE_RECURSION = YES;
				CLANG_WARN_SUSPICIOUS_MOVES = YES;
				CLANG_WARN_UNREACHABLE_CODE = YES;
				CODE_SIGN_IDENTITY = "iPhone Developer";
				"CODE_SIGN_IDENTITY[sdk=iphoneos*]" = "iPhone Developer";
				DEBUG_INFORMATION_FORMAT = dwarf;
				DEVELOPMENT_TEAM = 4QGCBVR5TL;
				ENABLE_STRICT_OBJC_MSGSEND = YES;
				ENABLE_TESTABILITY = YES;
				GCC_NO_COMMON_BLOCKS = YES;
				INFOPLIST_FILE = SampleBroadcastExtUI/Info.plist;
				LD_RUNPATH_SEARCH_PATHS = "$(inherited) @executable_path/Frameworks @executable_path/../../Frameworks";
				MTL_ENABLE_DEBUG_INFO = YES;
				PRODUCT_BUNDLE_IDENTIFIER = com.soplwang.SampleBroadcaster.SampleBroadcastExtUI;
				PRODUCT_NAME = "$(TARGET_NAME)";
				SKIP_INSTALL = YES;
			};
			name = Debug;
		};
		78C740E61DAB8131006E6183 /* Release */ = {
			isa = XCBuildConfiguration;
			buildSettings = {
				CLANG_ANALYZER_NONNULL = YES;
				CLANG_ENABLE_OBJC_ARC = YES;
				CLANG_WARN_DOCUMENTATION_COMMENTS = YES;
				CLANG_WARN_INFINITE_RECURSION = YES;
				CLANG_WARN_SUSPICIOUS_MOVES = YES;
				CLANG_WARN_UNREACHABLE_CODE = YES;
				CODE_SIGN_IDENTITY = "iPhone Developer";
				"CODE_SIGN_IDENTITY[sdk=iphoneos*]" = "iPhone Developer";
				COPY_PHASE_STRIP = NO;
				DEBUG_INFORMATION_FORMAT = "dwarf-with-dsym";
				DEVELOPMENT_TEAM = 4QGCBVR5TL;
				ENABLE_STRICT_OBJC_MSGSEND = YES;
				GCC_NO_COMMON_BLOCKS = YES;
				INFOPLIST_FILE = SampleBroadcastExtUI/Info.plist;
				LD_RUNPATH_SEARCH_PATHS = "$(inherited) @executable_path/Frameworks @executable_path/../../Frameworks";
				MTL_ENABLE_DEBUG_INFO = NO;
				PRODUCT_BUNDLE_IDENTIFIER = com.soplwang.SampleBroadcaster.SampleBroadcastExtUI;
				PRODUCT_NAME = "$(TARGET_NAME)";
				SKIP_INSTALL = YES;
			};
			name = Release;
		};
/* End XCBuildConfiguration section */

/* Begin XCConfigurationList section */
		7265D5D7191994B80042DC3B /* Build configuration list for PBXProject "SampleBroadcaster" */ = {
			isa = XCConfigurationList;
			buildConfigurations = (
				7265D60F191994B80042DC3B /* Debug */,
				7265D610191994B80042DC3B /* Release */,
			);
			defaultConfigurationIsVisible = 0;
			defaultConfigurationName = Release;
		};
		7265D611191994B80042DC3B /* Build configuration list for PBXNativeTarget "SampleBroadcaster" */ = {
			isa = XCConfigurationList;
			buildConfigurations = (
				7265D612191994B80042DC3B /* Debug */,
				7265D613191994B80042DC3B /* Release */,
			);
			defaultConfigurationIsVisible = 0;
			defaultConfigurationName = Release;
		};
		78C740CF1DAB7E04006E6183 /* Build configuration list for PBXNativeTarget "SampleBroadcastUpload" */ = {
			isa = XCConfigurationList;
			buildConfigurations = (
				78C740D01DAB7E04006E6183 /* Debug */,
				78C740D11DAB7E04006E6183 /* Release */,
			);
			defaultConfigurationIsVisible = 0;
			defaultConfigurationName = Release;
		};
		78C740E41DAB8131006E6183 /* Build configuration list for PBXNativeTarget "SampleBroadcastExtUI" */ = {
			isa = XCConfigurationList;
			buildConfigurations = (
				78C740E51DAB8131006E6183 /* Debug */,
				78C740E61DAB8131006E6183 /* Release */,
			);
			defaultConfigurationIsVisible = 0;
			defaultConfigurationName = Release;
		};
/* End XCConfigurationList section */
	};
	rootObject = 7265D5D4191994B80042DC3B /* Project object */;
}
